// !$*UTF8*$!
{
	archiveVersion = 1;
	classes = {
	};
	objectVersion = 50;
	objects = {

/* Begin PBXBuildFile section */
		FD349DBA242D180400A6C1C3 /* libOCMock.a in Frameworks */ = {isa = PBXBuildFile; fileRef = FD349DB9242D180400A6C1C3 /* libOCMock.a */; };
		FD349DCF242D303600A6C1C3 /* EWCStrokeDataTests.m in Sources */ = {isa = PBXBuildFile; fileRef = FD349DCE242D303600A6C1C3 /* EWCStrokeDataTests.m */; };
		FD349DE6242E6CFB00A6C1C3 /* KVG-4eee-view-error.strlit in Resources */ = {isa = PBXBuildFile; fileRef = FD349DE0242E6CFB00A6C1C3 /* KVG-4eee-view-error.strlit */; };
		FD349DE7242E6CFB00A6C1C3 /* KVG-4eee-with-rel.strlit in Resources */ = {isa = PBXBuildFile; fileRef = FD349DE1242E6CFB00A6C1C3 /* KVG-4eee-with-rel.strlit */; };
		FD349DE8242E6CFB00A6C1C3 /* KVG-4eee-curve-error.strlit in Resources */ = {isa = PBXBuildFile; fileRef = FD349DE2242E6CFB00A6C1C3 /* KVG-4eee-curve-error.strlit */; };
		FD349DE9242E6CFB00A6C1C3 /* KVG-4eee-cmd-error.strlit in Resources */ = {isa = PBXBuildFile; fileRef = FD349DE3242E6CFB00A6C1C3 /* KVG-4eee-cmd-error.strlit */; };
		FD349DEA242E6CFB00A6C1C3 /* KVG-4eee-move-error.strlit in Resources */ = {isa = PBXBuildFile; fileRef = FD349DE4242E6CFB00A6C1C3 /* KVG-4eee-move-error.strlit */; };
		FD349DEB242E6CFB00A6C1C3 /* KVG-4eee.strlit in Resources */ = {isa = PBXBuildFile; fileRef = FD349DE5242E6CFB00A6C1C3 /* KVG-4eee.strlit */; };
		FD349E00242E78D600A6C1C3 /* TestingAppDelegate.m in Sources */ = {isa = PBXBuildFile; fileRef = FD349DFE242E781600A6C1C3 /* TestingAppDelegate.m */; };
		FD349E03242E7A7000A6C1C3 /* EWCStatusWriterProtocol.h in Sources */ = {isa = PBXBuildFile; fileRef = FD3B0BD4242A8659003AA2CB /* EWCStatusWriterProtocol.h */; };
		FD349E04242E7A7000A6C1C3 /* EWCStdoutStatusWriter.h in Sources */ = {isa = PBXBuildFile; fileRef = FD3B0BD3242A8659003AA2CB /* EWCStdoutStatusWriter.h */; };
		FD349E05242E7A7000A6C1C3 /* EWCStdoutStatusWriter.m in Sources */ = {isa = PBXBuildFile; fileRef = FD3B0BD5242A8659003AA2CB /* EWCStdoutStatusWriter.m */; };
		FD349E06242E7A7000A6C1C3 /* EWCConsoleLogStatusWriter.h in Sources */ = {isa = PBXBuildFile; fileRef = FD3B0BF2242ADBC5003AA2CB /* EWCConsoleLogStatusWriter.h */; };
		FD349E07242E7A7000A6C1C3 /* EWCConsoleLogStatusWriter.m in Sources */ = {isa = PBXBuildFile; fileRef = FD3B0BF3242ADBC5003AA2CB /* EWCConsoleLogStatusWriter.m */; };
		FD349E08242E7A7000A6C1C3 /* EWCCurveStrokePart.h in Sources */ = {isa = PBXBuildFile; fileRef = FD3B0BE3242A8659003AA2CB /* EWCCurveStrokePart.h */; };
		FD349E09242E7A7000A6C1C3 /* EWCCurveStrokePart.m in Sources */ = {isa = PBXBuildFile; fileRef = FD3B0BD9242A8659003AA2CB /* EWCCurveStrokePart.m */; };
		FD349E0A242E7A7000A6C1C3 /* EWCMoveStrokePart.h in Sources */ = {isa = PBXBuildFile; fileRef = FD3B0BE4242A8659003AA2CB /* EWCMoveStrokePart.h */; };
		FD349E0B242E7A7000A6C1C3 /* EWCMoveStrokePart.m in Sources */ = {isa = PBXBuildFile; fileRef = FD3B0BDE242A8659003AA2CB /* EWCMoveStrokePart.m */; };
		FD349E0C242E7A7000A6C1C3 /* EWCStroke.h in Sources */ = {isa = PBXBuildFile; fileRef = FD3B0BE0242A8659003AA2CB /* EWCStroke.h */; };
		FD349E0D242E7A7000A6C1C3 /* EWCStroke.m in Sources */ = {isa = PBXBuildFile; fileRef = FD3B0BD7242A8659003AA2CB /* EWCStroke.m */; };
		FD349E0E242E7A7000A6C1C3 /* EWCStrokeData.h in Sources */ = {isa = PBXBuildFile; fileRef = FD3B0BDC242A8659003AA2CB /* EWCStrokeData.h */; };
		FD349E0F242E7A7000A6C1C3 /* EWCStrokeData.m in Sources */ = {isa = PBXBuildFile; fileRef = FD3B0BE6242A8659003AA2CB /* EWCStrokeData.m */; };
		FD349E10242E7A7000A6C1C3 /* EWCStrokeData+Protected.h in Sources */ = {isa = PBXBuildFile; fileRef = FD3B0BE1242A8659003AA2CB /* EWCStrokeData+Protected.h */; };
		FD349E11242E7A7000A6C1C3 /* EWCStrokeDataError.h in Sources */ = {isa = PBXBuildFile; fileRef = FD3B0BE2242A8659003AA2CB /* EWCStrokeDataError.h */; };
		FD349E12242E7A7000A6C1C3 /* EWCStrokeDataError.m in Sources */ = {isa = PBXBuildFile; fileRef = FD3B0BDA242A8659003AA2CB /* EWCStrokeDataError.m */; };
		FD349E13242E7A7000A6C1C3 /* EWCStrokeDataParserDelegate.h in Sources */ = {isa = PBXBuildFile; fileRef = FD3B0BE7242A8659003AA2CB /* EWCStrokeDataParserDelegate.h */; };
		FD349E14242E7A7000A6C1C3 /* EWCStrokeDataParserDelegate.m in Sources */ = {isa = PBXBuildFile; fileRef = FD3B0BDB242A8659003AA2CB /* EWCStrokeDataParserDelegate.m */; };
		FD349E15242E7A7000A6C1C3 /* EWCStrokePart.h in Sources */ = {isa = PBXBuildFile; fileRef = FD3B0BE5242A8659003AA2CB /* EWCStrokePart.h */; };
		FD349E16242E7A7000A6C1C3 /* EWCStrokePart.m in Sources */ = {isa = PBXBuildFile; fileRef = FD3B0BDD242A8659003AA2CB /* EWCStrokePart.m */; };
		FD349E17242E7A7000A6C1C3 /* EWCStrokePartTokenizer.h in Sources */ = {isa = PBXBuildFile; fileRef = FD3B0BD8242A8659003AA2CB /* EWCStrokePartTokenizer.h */; };
		FD349E18242E7A7000A6C1C3 /* EWCStrokePartTokenizer.m in Sources */ = {isa = PBXBuildFile; fileRef = FD3B0BDF242A8659003AA2CB /* EWCStrokePartTokenizer.m */; };
		FD349E19242E7A7000A6C1C3 /* EWCStrokeDataLoader.h in Sources */ = {isa = PBXBuildFile; fileRef = FD349DD0242D870500A6C1C3 /* EWCStrokeDataLoader.h */; };
		FD349E1A242E7A7000A6C1C3 /* EWCStrokeDataLoader.m in Sources */ = {isa = PBXBuildFile; fileRef = FD349DD1242D870500A6C1C3 /* EWCStrokeDataLoader.m */; };
		FD349E1D242E7B6B00A6C1C3 /* libKakitoriLib.a in Frameworks */ = {isa = PBXBuildFile; fileRef = FD349DF0242E716A00A6C1C3 /* libKakitoriLib.a */; };
		FD349E1F242E7CD600A6C1C3 /* EWCStatusWriterTests.m in Sources */ = {isa = PBXBuildFile; fileRef = FD349E1E242E7CD600A6C1C3 /* EWCStatusWriterTests.m */; };
		FD3B0B262427EAC6003AA2CB /* AppDelegate.m in Sources */ = {isa = PBXBuildFile; fileRef = FD3B0B252427EAC6003AA2CB /* AppDelegate.m */; };
		FD3B0B292427EAC6003AA2CB /* SceneDelegate.m in Sources */ = {isa = PBXBuildFile; fileRef = FD3B0B282427EAC6003AA2CB /* SceneDelegate.m */; };
		FD3B0B2C2427EAC6003AA2CB /* ViewController.m in Sources */ = {isa = PBXBuildFile; fileRef = FD3B0B2B2427EAC6003AA2CB /* ViewController.m */; };
		FD3B0B2F2427EAC6003AA2CB /* Main.storyboard in Resources */ = {isa = PBXBuildFile; fileRef = FD3B0B2D2427EAC6003AA2CB /* Main.storyboard */; };
		FD3B0B312427EAC8003AA2CB /* Assets.xcassets in Resources */ = {isa = PBXBuildFile; fileRef = FD3B0B302427EAC8003AA2CB /* Assets.xcassets */; };
		FD3B0B342427EAC8003AA2CB /* LaunchScreen.storyboard in Resources */ = {isa = PBXBuildFile; fileRef = FD3B0B322427EAC8003AA2CB /* LaunchScreen.storyboard */; };
		FD3B0B372427EAC8003AA2CB /* main.m in Sources */ = {isa = PBXBuildFile; fileRef = FD3B0B362427EAC8003AA2CB /* main.m */; };
		FD3B0B412427EAC8003AA2CB /* KakitoriTests.m in Sources */ = {isa = PBXBuildFile; fileRef = FD3B0B402427EAC8003AA2CB /* KakitoriTests.m */; };
		FD3B0B4C2427EAC8003AA2CB /* KakitoriUITests.m in Sources */ = {isa = PBXBuildFile; fileRef = FD3B0B4B2427EAC8003AA2CB /* KakitoriUITests.m */; };
/* End PBXBuildFile section */

/* Begin PBXContainerItemProxy section */
		FD349DF9242E71B700A6C1C3 /* PBXContainerItemProxy */ = {
			isa = PBXContainerItemProxy;
			containerPortal = FD3B0B192427EAC6003AA2CB /* Project object */;
			proxyType = 1;
			remoteGlobalIDString = FD349DEF242E716A00A6C1C3;
			remoteInfo = KakitoriLib;
		};
		FD349E1B242E7B3900A6C1C3 /* PBXContainerItemProxy */ = {
			isa = PBXContainerItemProxy;
			containerPortal = FD3B0B192427EAC6003AA2CB /* Project object */;
			proxyType = 1;
			remoteGlobalIDString = FD349DEF242E716A00A6C1C3;
			remoteInfo = KakitoriLib;
		};
		FD3B0B482427EAC8003AA2CB /* PBXContainerItemProxy */ = {
			isa = PBXContainerItemProxy;
			containerPortal = FD3B0B192427EAC6003AA2CB /* Project object */;
			proxyType = 1;
			remoteGlobalIDString = FD3B0B202427EAC6003AA2CB;
			remoteInfo = Kakitori;
		};
/* End PBXContainerItemProxy section */

/* Begin PBXCopyFilesBuildPhase section */
		FD349DEE242E716A00A6C1C3 /* CopyFiles */ = {
			isa = PBXCopyFilesBuildPhase;
			buildActionMask = 2147483647;
			dstPath = "include/$(PRODUCT_NAME)";
			dstSubfolderSpec = 16;
			files = (
			);
			runOnlyForDeploymentPostprocessing = 0;
		};
/* End PBXCopyFilesBuildPhase section */

/* Begin PBXFileReference section */
		FD349DB9242D180400A6C1C3 /* libOCMock.a */ = {isa = PBXFileReference; lastKnownFileType = archive.ar; name = libOCMock.a; path = deps/lib/libOCMock.a; sourceTree = "<group>"; };
		FD349DBF242D1A1A00A6C1C3 /* OCMockObject.h */ = {isa = PBXFileReference; fileEncoding = 4; lastKnownFileType = sourcecode.c.h; path = OCMockObject.h; sourceTree = "<group>"; };
		FD349DC0242D1A1A00A6C1C3 /* OCMMacroState.h */ = {isa = PBXFileReference; fileEncoding = 4; lastKnownFileType = sourcecode.c.h; path = OCMMacroState.h; sourceTree = "<group>"; };
		FD349DC1242D1A1A00A6C1C3 /* OCMock.h */ = {isa = PBXFileReference; fileEncoding = 4; lastKnownFileType = sourcecode.c.h; path = OCMock.h; sourceTree = "<group>"; };
		FD349DC2242D1A1A00A6C1C3 /* NSNotificationCenter+OCMAdditions.h */ = {isa = PBXFileReference; fileEncoding = 4; lastKnownFileType = sourcecode.c.h; path = "NSNotificationCenter+OCMAdditions.h"; sourceTree = "<group>"; };
		FD349DC3242D1A1A00A6C1C3 /* OCMVerifier.h */ = {isa = PBXFileReference; fileEncoding = 4; lastKnownFileType = sourcecode.c.h; path = OCMVerifier.h; sourceTree = "<group>"; };
		FD349DC4242D1A1A00A6C1C3 /* OCMFunctions.h */ = {isa = PBXFileReference; fileEncoding = 4; lastKnownFileType = sourcecode.c.h; path = OCMFunctions.h; sourceTree = "<group>"; };
		FD349DC5242D1A1A00A6C1C3 /* OCMStubRecorder.h */ = {isa = PBXFileReference; fileEncoding = 4; lastKnownFileType = sourcecode.c.h; path = OCMStubRecorder.h; sourceTree = "<group>"; };
		FD349DC6242D1A1A00A6C1C3 /* OCMRecorder.h */ = {isa = PBXFileReference; fileEncoding = 4; lastKnownFileType = sourcecode.c.h; path = OCMRecorder.h; sourceTree = "<group>"; };
		FD349DC7242D1A1A00A6C1C3 /* OCMQuantifier.h */ = {isa = PBXFileReference; fileEncoding = 4; lastKnownFileType = sourcecode.c.h; path = OCMQuantifier.h; sourceTree = "<group>"; };
		FD349DC8242D1A1A00A6C1C3 /* OCMLocation.h */ = {isa = PBXFileReference; fileEncoding = 4; lastKnownFileType = sourcecode.c.h; path = OCMLocation.h; sourceTree = "<group>"; };
		FD349DC9242D1A1A00A6C1C3 /* OCMConstraint.h */ = {isa = PBXFileReference; fileEncoding = 4; lastKnownFileType = sourcecode.c.h; path = OCMConstraint.h; sourceTree = "<group>"; };
		FD349DCA242D1A1A00A6C1C3 /* OCMArg.h */ = {isa = PBXFileReference; fileEncoding = 4; lastKnownFileType = sourcecode.c.h; path = OCMArg.h; sourceTree = "<group>"; };
		FD349DCE242D303600A6C1C3 /* EWCStrokeDataTests.m */ = {isa = PBXFileReference; lastKnownFileType = sourcecode.c.objc; path = EWCStrokeDataTests.m; sourceTree = "<group>"; };
		FD349DD0242D870500A6C1C3 /* EWCStrokeDataLoader.h */ = {isa = PBXFileReference; lastKnownFileType = sourcecode.c.h; path = EWCStrokeDataLoader.h; sourceTree = "<group>"; };
		FD349DD1242D870500A6C1C3 /* EWCStrokeDataLoader.m */ = {isa = PBXFileReference; lastKnownFileType = sourcecode.c.objc; path = EWCStrokeDataLoader.m; sourceTree = "<group>"; };
		FD349DE0242E6CFB00A6C1C3 /* KVG-4eee-view-error.strlit */ = {isa = PBXFileReference; fileEncoding = 4; lastKnownFileType = text; path = "KVG-4eee-view-error.strlit"; sourceTree = "<group>"; };
		FD349DE1242E6CFB00A6C1C3 /* KVG-4eee-with-rel.strlit */ = {isa = PBXFileReference; fileEncoding = 4; lastKnownFileType = text; path = "KVG-4eee-with-rel.strlit"; sourceTree = "<group>"; };
		FD349DE2242E6CFB00A6C1C3 /* KVG-4eee-curve-error.strlit */ = {isa = PBXFileReference; fileEncoding = 4; lastKnownFileType = text; path = "KVG-4eee-curve-error.strlit"; sourceTree = "<group>"; };
		FD349DE3242E6CFB00A6C1C3 /* KVG-4eee-cmd-error.strlit */ = {isa = PBXFileReference; fileEncoding = 4; lastKnownFileType = text; path = "KVG-4eee-cmd-error.strlit"; sourceTree = "<group>"; };
		FD349DE4242E6CFB00A6C1C3 /* KVG-4eee-move-error.strlit */ = {isa = PBXFileReference; fileEncoding = 4; lastKnownFileType = text; path = "KVG-4eee-move-error.strlit"; sourceTree = "<group>"; };
		FD349DE5242E6CFB00A6C1C3 /* KVG-4eee.strlit */ = {isa = PBXFileReference; fileEncoding = 4; lastKnownFileType = text; path = "KVG-4eee.strlit"; sourceTree = "<group>"; };
		FD349DF0242E716A00A6C1C3 /* libKakitoriLib.a */ = {isa = PBXFileReference; explicitFileType = archive.ar; includeInIndex = 0; path = libKakitoriLib.a; sourceTree = BUILT_PRODUCTS_DIR; };
		FD349DFD242E781600A6C1C3 /* TestingAppDelegate.h */ = {isa = PBXFileReference; lastKnownFileType = sourcecode.c.h; path = TestingAppDelegate.h; sourceTree = "<group>"; };
		FD349DFE242E781600A6C1C3 /* TestingAppDelegate.m */ = {isa = PBXFileReference; lastKnownFileType = sourcecode.c.objc; path = TestingAppDelegate.m; sourceTree = "<group>"; };
		FD349E1E242E7CD600A6C1C3 /* EWCStatusWriterTests.m */ = {isa = PBXFileReference; lastKnownFileType = sourcecode.c.objc; path = EWCStatusWriterTests.m; sourceTree = "<group>"; };
		FD3B0B212427EAC6003AA2CB /* Kakitori.app */ = {isa = PBXFileReference; explicitFileType = wrapper.application; includeInIndex = 0; path = Kakitori.app; sourceTree = BUILT_PRODUCTS_DIR; };
		FD3B0B242427EAC6003AA2CB /* AppDelegate.h */ = {isa = PBXFileReference; lastKnownFileType = sourcecode.c.h; path = AppDelegate.h; sourceTree = "<group>"; };
		FD3B0B252427EAC6003AA2CB /* AppDelegate.m */ = {isa = PBXFileReference; lastKnownFileType = sourcecode.c.objc; path = AppDelegate.m; sourceTree = "<group>"; };
		FD3B0B272427EAC6003AA2CB /* SceneDelegate.h */ = {isa = PBXFileReference; lastKnownFileType = sourcecode.c.h; path = SceneDelegate.h; sourceTree = "<group>"; };
		FD3B0B282427EAC6003AA2CB /* SceneDelegate.m */ = {isa = PBXFileReference; lastKnownFileType = sourcecode.c.objc; path = SceneDelegate.m; sourceTree = "<group>"; };
		FD3B0B2A2427EAC6003AA2CB /* ViewController.h */ = {isa = PBXFileReference; lastKnownFileType = sourcecode.c.h; path = ViewController.h; sourceTree = "<group>"; };
		FD3B0B2B2427EAC6003AA2CB /* ViewController.m */ = {isa = PBXFileReference; lastKnownFileType = sourcecode.c.objc; path = ViewController.m; sourceTree = "<group>"; };
		FD3B0B2E2427EAC6003AA2CB /* Base */ = {isa = PBXFileReference; lastKnownFileType = file.storyboard; name = Base; path = Base.lproj/Main.storyboard; sourceTree = "<group>"; };
		FD3B0B302427EAC8003AA2CB /* Assets.xcassets */ = {isa = PBXFileReference; lastKnownFileType = folder.assetcatalog; path = Assets.xcassets; sourceTree = "<group>"; };
		FD3B0B332427EAC8003AA2CB /* Base */ = {isa = PBXFileReference; lastKnownFileType = file.storyboard; name = Base; path = Base.lproj/LaunchScreen.storyboard; sourceTree = "<group>"; };
		FD3B0B352427EAC8003AA2CB /* Info.plist */ = {isa = PBXFileReference; lastKnownFileType = text.plist.xml; path = Info.plist; sourceTree = "<group>"; };
		FD3B0B362427EAC8003AA2CB /* main.m */ = {isa = PBXFileReference; lastKnownFileType = sourcecode.c.objc; path = main.m; sourceTree = "<group>"; };
		FD3B0B3C2427EAC8003AA2CB /* KakitoriTests.xctest */ = {isa = PBXFileReference; explicitFileType = wrapper.cfbundle; includeInIndex = 0; path = KakitoriTests.xctest; sourceTree = BUILT_PRODUCTS_DIR; };
		FD3B0B402427EAC8003AA2CB /* KakitoriTests.m */ = {isa = PBXFileReference; lastKnownFileType = sourcecode.c.objc; path = KakitoriTests.m; sourceTree = "<group>"; };
		FD3B0B422427EAC8003AA2CB /* Info.plist */ = {isa = PBXFileReference; lastKnownFileType = text.plist.xml; path = Info.plist; sourceTree = "<group>"; };
		FD3B0B472427EAC8003AA2CB /* KakitoriUITests.xctest */ = {isa = PBXFileReference; explicitFileType = wrapper.cfbundle; includeInIndex = 0; path = KakitoriUITests.xctest; sourceTree = BUILT_PRODUCTS_DIR; };
		FD3B0B4B2427EAC8003AA2CB /* KakitoriUITests.m */ = {isa = PBXFileReference; lastKnownFileType = sourcecode.c.objc; path = KakitoriUITests.m; sourceTree = "<group>"; };
		FD3B0B4D2427EAC8003AA2CB /* Info.plist */ = {isa = PBXFileReference; lastKnownFileType = text.plist.xml; path = Info.plist; sourceTree = "<group>"; };
		FD3B0B5B2427EE51003AA2CB /* EWCStrokeOrderView.h */ = {isa = PBXFileReference; lastKnownFileType = sourcecode.c.h; path = EWCStrokeOrderView.h; sourceTree = "<group>"; };
		FD3B0B5C2427EE51003AA2CB /* EWCStrokeOrderView.m */ = {isa = PBXFileReference; lastKnownFileType = sourcecode.c.objc; path = EWCStrokeOrderView.m; sourceTree = "<group>"; };
		FD3B0BD3242A8659003AA2CB /* EWCStdoutStatusWriter.h */ = {isa = PBXFileReference; fileEncoding = 4; lastKnownFileType = sourcecode.c.h; path = EWCStdoutStatusWriter.h; sourceTree = "<group>"; };
		FD3B0BD4242A8659003AA2CB /* EWCStatusWriterProtocol.h */ = {isa = PBXFileReference; fileEncoding = 4; lastKnownFileType = sourcecode.c.h; path = EWCStatusWriterProtocol.h; sourceTree = "<group>"; };
		FD3B0BD5242A8659003AA2CB /* EWCStdoutStatusWriter.m */ = {isa = PBXFileReference; fileEncoding = 4; lastKnownFileType = sourcecode.c.objc; path = EWCStdoutStatusWriter.m; sourceTree = "<group>"; };
		FD3B0BD7242A8659003AA2CB /* EWCStroke.m */ = {isa = PBXFileReference; fileEncoding = 4; lastKnownFileType = sourcecode.c.objc; path = EWCStroke.m; sourceTree = "<group>"; };
		FD3B0BD8242A8659003AA2CB /* EWCStrokePartTokenizer.h */ = {isa = PBXFileReference; fileEncoding = 4; lastKnownFileType = sourcecode.c.h; path = EWCStrokePartTokenizer.h; sourceTree = "<group>"; };
		FD3B0BD9242A8659003AA2CB /* EWCCurveStrokePart.m */ = {isa = PBXFileReference; fileEncoding = 4; lastKnownFileType = sourcecode.c.objc; path = EWCCurveStrokePart.m; sourceTree = "<group>"; };
		FD3B0BDA242A8659003AA2CB /* EWCStrokeDataError.m */ = {isa = PBXFileReference; fileEncoding = 4; lastKnownFileType = sourcecode.c.objc; path = EWCStrokeDataError.m; sourceTree = "<group>"; };
		FD3B0BDB242A8659003AA2CB /* EWCStrokeDataParserDelegate.m */ = {isa = PBXFileReference; fileEncoding = 4; lastKnownFileType = sourcecode.c.objc; path = EWCStrokeDataParserDelegate.m; sourceTree = "<group>"; };
		FD3B0BDC242A8659003AA2CB /* EWCStrokeData.h */ = {isa = PBXFileReference; fileEncoding = 4; lastKnownFileType = sourcecode.c.h; path = EWCStrokeData.h; sourceTree = "<group>"; };
		FD3B0BDD242A8659003AA2CB /* EWCStrokePart.m */ = {isa = PBXFileReference; fileEncoding = 4; lastKnownFileType = sourcecode.c.objc; path = EWCStrokePart.m; sourceTree = "<group>"; };
		FD3B0BDE242A8659003AA2CB /* EWCMoveStrokePart.m */ = {isa = PBXFileReference; fileEncoding = 4; lastKnownFileType = sourcecode.c.objc; path = EWCMoveStrokePart.m; sourceTree = "<group>"; };
		FD3B0BDF242A8659003AA2CB /* EWCStrokePartTokenizer.m */ = {isa = PBXFileReference; fileEncoding = 4; lastKnownFileType = sourcecode.c.objc; path = EWCStrokePartTokenizer.m; sourceTree = "<group>"; };
		FD3B0BE0242A8659003AA2CB /* EWCStroke.h */ = {isa = PBXFileReference; fileEncoding = 4; lastKnownFileType = sourcecode.c.h; path = EWCStroke.h; sourceTree = "<group>"; };
		FD3B0BE1242A8659003AA2CB /* EWCStrokeData+Protected.h */ = {isa = PBXFileReference; fileEncoding = 4; lastKnownFileType = sourcecode.c.h; path = "EWCStrokeData+Protected.h"; sourceTree = "<group>"; };
		FD3B0BE2242A8659003AA2CB /* EWCStrokeDataError.h */ = {isa = PBXFileReference; fileEncoding = 4; lastKnownFileType = sourcecode.c.h; path = EWCStrokeDataError.h; sourceTree = "<group>"; };
		FD3B0BE3242A8659003AA2CB /* EWCCurveStrokePart.h */ = {isa = PBXFileReference; fileEncoding = 4; lastKnownFileType = sourcecode.c.h; path = EWCCurveStrokePart.h; sourceTree = "<group>"; };
		FD3B0BE4242A8659003AA2CB /* EWCMoveStrokePart.h */ = {isa = PBXFileReference; fileEncoding = 4; lastKnownFileType = sourcecode.c.h; path = EWCMoveStrokePart.h; sourceTree = "<group>"; };
		FD3B0BE5242A8659003AA2CB /* EWCStrokePart.h */ = {isa = PBXFileReference; fileEncoding = 4; lastKnownFileType = sourcecode.c.h; path = EWCStrokePart.h; sourceTree = "<group>"; };
		FD3B0BE6242A8659003AA2CB /* EWCStrokeData.m */ = {isa = PBXFileReference; fileEncoding = 4; lastKnownFileType = sourcecode.c.objc; path = EWCStrokeData.m; sourceTree = "<group>"; };
		FD3B0BE7242A8659003AA2CB /* EWCStrokeDataParserDelegate.h */ = {isa = PBXFileReference; fileEncoding = 4; lastKnownFileType = sourcecode.c.h; path = EWCStrokeDataParserDelegate.h; sourceTree = "<group>"; };
		FD3B0BF1242A87FD003AA2CB /* Kakitori.entitlements */ = {isa = PBXFileReference; lastKnownFileType = text.plist.entitlements; path = Kakitori.entitlements; sourceTree = "<group>"; };
		FD3B0BF2242ADBC5003AA2CB /* EWCConsoleLogStatusWriter.h */ = {isa = PBXFileReference; lastKnownFileType = sourcecode.c.h; path = EWCConsoleLogStatusWriter.h; sourceTree = "<group>"; };
		FD3B0BF3242ADBC5003AA2CB /* EWCConsoleLogStatusWriter.m */ = {isa = PBXFileReference; lastKnownFileType = sourcecode.c.objc; path = EWCConsoleLogStatusWriter.m; sourceTree = "<group>"; };
/* End PBXFileReference section */

/* Begin PBXFrameworksBuildPhase section */
		FD349DED242E716A00A6C1C3 /* Frameworks */ = {
			isa = PBXFrameworksBuildPhase;
			buildActionMask = 2147483647;
			files = (
			);
			runOnlyForDeploymentPostprocessing = 0;
		};
		FD3B0B1E2427EAC6003AA2CB /* Frameworks */ = {
			isa = PBXFrameworksBuildPhase;
			buildActionMask = 2147483647;
			files = (
			);
			runOnlyForDeploymentPostprocessing = 0;
		};
		FD3B0B392427EAC8003AA2CB /* Frameworks */ = {
			isa = PBXFrameworksBuildPhase;
			buildActionMask = 2147483647;
			files = (
				FD349E1D242E7B6B00A6C1C3 /* libKakitoriLib.a in Frameworks */,
				FD349DBA242D180400A6C1C3 /* libOCMock.a in Frameworks */,
			);
			runOnlyForDeploymentPostprocessing = 0;
		};
		FD3B0B442427EAC8003AA2CB /* Frameworks */ = {
			isa = PBXFrameworksBuildPhase;
			buildActionMask = 2147483647;
			files = (
			);
			runOnlyForDeploymentPostprocessing = 0;
		};
/* End PBXFrameworksBuildPhase section */

/* Begin PBXGroup section */
		FD349DB4242C2B2A00A6C1C3 /* Frameworks */ = {
			isa = PBXGroup;
			children = (
				FD349DB9242D180400A6C1C3 /* libOCMock.a */,
			);
			name = Frameworks;
			sourceTree = "<group>";
		};
		FD349DBC242D1A1A00A6C1C3 /* deps */ = {
			isa = PBXGroup;
			children = (
				FD349DBD242D1A1A00A6C1C3 /* include */,
			);
			path = deps;
			sourceTree = "<group>";
		};
		FD349DBD242D1A1A00A6C1C3 /* include */ = {
			isa = PBXGroup;
			children = (
				FD349DBE242D1A1A00A6C1C3 /* OCMock */,
			);
			path = include;
			sourceTree = "<group>";
		};
		FD349DBE242D1A1A00A6C1C3 /* OCMock */ = {
			isa = PBXGroup;
			children = (
				FD349DBF242D1A1A00A6C1C3 /* OCMockObject.h */,
				FD349DC0242D1A1A00A6C1C3 /* OCMMacroState.h */,
				FD349DC1242D1A1A00A6C1C3 /* OCMock.h */,
				FD349DC2242D1A1A00A6C1C3 /* NSNotificationCenter+OCMAdditions.h */,
				FD349DC3242D1A1A00A6C1C3 /* OCMVerifier.h */,
				FD349DC4242D1A1A00A6C1C3 /* OCMFunctions.h */,
				FD349DC5242D1A1A00A6C1C3 /* OCMStubRecorder.h */,
				FD349DC6242D1A1A00A6C1C3 /* OCMRecorder.h */,
				FD349DC7242D1A1A00A6C1C3 /* OCMQuantifier.h */,
				FD349DC8242D1A1A00A6C1C3 /* OCMLocation.h */,
				FD349DC9242D1A1A00A6C1C3 /* OCMConstraint.h */,
				FD349DCA242D1A1A00A6C1C3 /* OCMArg.h */,
			);
			path = OCMock;
			sourceTree = "<group>";
		};
		FD349DD6242DA1DF00A6C1C3 /* TestData */ = {
			isa = PBXGroup;
			children = (
				FD349DDF242E6CAA00A6C1C3 /* KVG */,
			);
			path = TestData;
			sourceTree = "<group>";
		};
		FD349DDF242E6CAA00A6C1C3 /* KVG */ = {
			isa = PBXGroup;
			children = (
				FD349DE3242E6CFB00A6C1C3 /* KVG-4eee-cmd-error.strlit */,
				FD349DE2242E6CFB00A6C1C3 /* KVG-4eee-curve-error.strlit */,
				FD349DE4242E6CFB00A6C1C3 /* KVG-4eee-move-error.strlit */,
				FD349DE0242E6CFB00A6C1C3 /* KVG-4eee-view-error.strlit */,
				FD349DE1242E6CFB00A6C1C3 /* KVG-4eee-with-rel.strlit */,
				FD349DE5242E6CFB00A6C1C3 /* KVG-4eee.strlit */,
			);
			path = KVG;
			sourceTree = "<group>";
		};
		FD349DF1242E716A00A6C1C3 /* KakitoriLib */ = {
			isa = PBXGroup;
			children = (
				FD3B0BD2242A8659003AA2CB /* Status */,
				FD3B0BD6242A8659003AA2CB /* StrokeOrder */,
			);
			path = KakitoriLib;
			sourceTree = "<group>";
		};
		FD3B0B182427EAC6003AA2CB = {
			isa = PBXGroup;
			children = (
				FD3B0B232427EAC6003AA2CB /* Kakitori */,
				FD349DF1242E716A00A6C1C3 /* KakitoriLib */,
				FD3B0B3F2427EAC8003AA2CB /* KakitoriTests */,
				FD3B0B4A2427EAC8003AA2CB /* KakitoriUITests */,
				FD3B0B222427EAC6003AA2CB /* Products */,
				FD349DB4242C2B2A00A6C1C3 /* Frameworks */,
				FD349DBC242D1A1A00A6C1C3 /* deps */,
			);
			sourceTree = "<group>";
		};
		FD3B0B222427EAC6003AA2CB /* Products */ = {
			isa = PBXGroup;
			children = (
				FD3B0B212427EAC6003AA2CB /* Kakitori.app */,
				FD3B0B3C2427EAC8003AA2CB /* KakitoriTests.xctest */,
				FD3B0B472427EAC8003AA2CB /* KakitoriUITests.xctest */,
				FD349DF0242E716A00A6C1C3 /* libKakitoriLib.a */,
			);
			name = Products;
			sourceTree = "<group>";
		};
		FD3B0B232427EAC6003AA2CB /* Kakitori */ = {
			isa = PBXGroup;
			children = (
				FD3B0BF1242A87FD003AA2CB /* Kakitori.entitlements */,
				FD3B0B592427EC47003AA2CB /* Controls */,
				FD3B0B242427EAC6003AA2CB /* AppDelegate.h */,
				FD3B0B252427EAC6003AA2CB /* AppDelegate.m */,
				FD3B0B272427EAC6003AA2CB /* SceneDelegate.h */,
				FD3B0B282427EAC6003AA2CB /* SceneDelegate.m */,
				FD3B0B2A2427EAC6003AA2CB /* ViewController.h */,
				FD3B0B2B2427EAC6003AA2CB /* ViewController.m */,
				FD3B0B2D2427EAC6003AA2CB /* Main.storyboard */,
				FD3B0B302427EAC8003AA2CB /* Assets.xcassets */,
				FD3B0B322427EAC8003AA2CB /* LaunchScreen.storyboard */,
				FD3B0B352427EAC8003AA2CB /* Info.plist */,
				FD3B0B362427EAC8003AA2CB /* main.m */,
			);
			path = Kakitori;
			sourceTree = "<group>";
		};
		FD3B0B3F2427EAC8003AA2CB /* KakitoriTests */ = {
			isa = PBXGroup;
			children = (
				FD349DD6242DA1DF00A6C1C3 /* TestData */,
				FD349DFD242E781600A6C1C3 /* TestingAppDelegate.h */,
				FD349DFE242E781600A6C1C3 /* TestingAppDelegate.m */,
				FD3B0B402427EAC8003AA2CB /* KakitoriTests.m */,
				FD3B0B422427EAC8003AA2CB /* Info.plist */,
				FD349DCE242D303600A6C1C3 /* EWCStrokeDataTests.m */,
				FD349E1E242E7CD600A6C1C3 /* EWCStatusWriterTests.m */,
			);
			path = KakitoriTests;
			sourceTree = "<group>";
		};
		FD3B0B4A2427EAC8003AA2CB /* KakitoriUITests */ = {
			isa = PBXGroup;
			children = (
				FD3B0B4B2427EAC8003AA2CB /* KakitoriUITests.m */,
				FD3B0B4D2427EAC8003AA2CB /* Info.plist */,
			);
			path = KakitoriUITests;
			sourceTree = "<group>";
		};
		FD3B0B592427EC47003AA2CB /* Controls */ = {
			isa = PBXGroup;
			children = (
				FD3B0B5A2427EC5F003AA2CB /* StrokeOrderView */,
			);
			path = Controls;
			sourceTree = "<group>";
		};
		FD3B0B5A2427EC5F003AA2CB /* StrokeOrderView */ = {
			isa = PBXGroup;
			children = (
				FD3B0B5B2427EE51003AA2CB /* EWCStrokeOrderView.h */,
				FD3B0B5C2427EE51003AA2CB /* EWCStrokeOrderView.m */,
			);
			path = StrokeOrderView;
			sourceTree = "<group>";
		};
		FD3B0BD2242A8659003AA2CB /* Status */ = {
			isa = PBXGroup;
			children = (
				FD3B0BD4242A8659003AA2CB /* EWCStatusWriterProtocol.h */,
				FD3B0BD3242A8659003AA2CB /* EWCStdoutStatusWriter.h */,
				FD3B0BD5242A8659003AA2CB /* EWCStdoutStatusWriter.m */,
				FD3B0BF2242ADBC5003AA2CB /* EWCConsoleLogStatusWriter.h */,
				FD3B0BF3242ADBC5003AA2CB /* EWCConsoleLogStatusWriter.m */,
			);
			path = Status;
			sourceTree = "<group>";
		};
		FD3B0BD6242A8659003AA2CB /* StrokeOrder */ = {
			isa = PBXGroup;
			children = (
				FD3B0BE3242A8659003AA2CB /* EWCCurveStrokePart.h */,
				FD3B0BD9242A8659003AA2CB /* EWCCurveStrokePart.m */,
				FD3B0BE4242A8659003AA2CB /* EWCMoveStrokePart.h */,
				FD3B0BDE242A8659003AA2CB /* EWCMoveStrokePart.m */,
				FD3B0BE0242A8659003AA2CB /* EWCStroke.h */,
				FD3B0BD7242A8659003AA2CB /* EWCStroke.m */,
				FD3B0BDC242A8659003AA2CB /* EWCStrokeData.h */,
				FD3B0BE6242A8659003AA2CB /* EWCStrokeData.m */,
				FD3B0BE1242A8659003AA2CB /* EWCStrokeData+Protected.h */,
				FD3B0BE2242A8659003AA2CB /* EWCStrokeDataError.h */,
				FD3B0BDA242A8659003AA2CB /* EWCStrokeDataError.m */,
				FD3B0BE7242A8659003AA2CB /* EWCStrokeDataParserDelegate.h */,
				FD3B0BDB242A8659003AA2CB /* EWCStrokeDataParserDelegate.m */,
				FD3B0BE5242A8659003AA2CB /* EWCStrokePart.h */,
				FD3B0BDD242A8659003AA2CB /* EWCStrokePart.m */,
				FD3B0BD8242A8659003AA2CB /* EWCStrokePartTokenizer.h */,
				FD3B0BDF242A8659003AA2CB /* EWCStrokePartTokenizer.m */,
				FD349DD0242D870500A6C1C3 /* EWCStrokeDataLoader.h */,
				FD349DD1242D870500A6C1C3 /* EWCStrokeDataLoader.m */,
			);
			path = StrokeOrder;
			sourceTree = "<group>";
		};
/* End PBXGroup section */

/* Begin PBXNativeTarget section */
		FD349DEF242E716A00A6C1C3 /* KakitoriLib */ = {
			isa = PBXNativeTarget;
			buildConfigurationList = FD349DF6242E716A00A6C1C3 /* Build configuration list for PBXNativeTarget "KakitoriLib" */;
			buildPhases = (
				FD349DEC242E716A00A6C1C3 /* Sources */,
				FD349DED242E716A00A6C1C3 /* Frameworks */,
				FD349DEE242E716A00A6C1C3 /* CopyFiles */,
			);
			buildRules = (
			);
			dependencies = (
			);
			name = KakitoriLib;
			productName = KakitoriLib;
			productReference = FD349DF0242E716A00A6C1C3 /* libKakitoriLib.a */;
			productType = "com.apple.product-type.library.static";
		};
		FD3B0B202427EAC6003AA2CB /* Kakitori */ = {
			isa = PBXNativeTarget;
			buildConfigurationList = FD3B0B502427EAC8003AA2CB /* Build configuration list for PBXNativeTarget "Kakitori" */;
			buildPhases = (
				FD3B0B1D2427EAC6003AA2CB /* Sources */,
				FD3B0B1E2427EAC6003AA2CB /* Frameworks */,
				FD3B0B1F2427EAC6003AA2CB /* Resources */,
			);
			buildRules = (
			);
			dependencies = (
				FD349DFA242E71B700A6C1C3 /* PBXTargetDependency */,
			);
			name = Kakitori;
			productName = Kakitori;
			productReference = FD3B0B212427EAC6003AA2CB /* Kakitori.app */;
			productType = "com.apple.product-type.application";
		};
		FD3B0B3B2427EAC8003AA2CB /* KakitoriTests */ = {
			isa = PBXNativeTarget;
			buildConfigurationList = FD3B0B532427EAC8003AA2CB /* Build configuration list for PBXNativeTarget "KakitoriTests" */;
			buildPhases = (
				FD3B0B382427EAC8003AA2CB /* Sources */,
				FD3B0B392427EAC8003AA2CB /* Frameworks */,
				FD3B0B3A2427EAC8003AA2CB /* Resources */,
			);
			buildRules = (
			);
			dependencies = (
				FD349E1C242E7B3900A6C1C3 /* PBXTargetDependency */,
			);
			name = KakitoriTests;
			productName = KakitoriTests;
			productReference = FD3B0B3C2427EAC8003AA2CB /* KakitoriTests.xctest */;
			productType = "com.apple.product-type.bundle.unit-test";
		};
		FD3B0B462427EAC8003AA2CB /* KakitoriUITests */ = {
			isa = PBXNativeTarget;
			buildConfigurationList = FD3B0B562427EAC8003AA2CB /* Build configuration list for PBXNativeTarget "KakitoriUITests" */;
			buildPhases = (
				FD3B0B432427EAC8003AA2CB /* Sources */,
				FD3B0B442427EAC8003AA2CB /* Frameworks */,
				FD3B0B452427EAC8003AA2CB /* Resources */,
			);
			buildRules = (
			);
			dependencies = (
				FD3B0B492427EAC8003AA2CB /* PBXTargetDependency */,
			);
			name = KakitoriUITests;
			productName = KakitoriUITests;
			productReference = FD3B0B472427EAC8003AA2CB /* KakitoriUITests.xctest */;
			productType = "com.apple.product-type.bundle.ui-testing";
		};
/* End PBXNativeTarget section */

/* Begin PBXProject section */
		FD3B0B192427EAC6003AA2CB /* Project object */ = {
			isa = PBXProject;
			attributes = {
				LastUpgradeCheck = 1130;
				ORGANIZATIONNAME = "Ansel Rognlie";
				TargetAttributes = {
					FD349DEF242E716A00A6C1C3 = {
						CreatedOnToolsVersion = 11.4;
					};
					FD3B0B202427EAC6003AA2CB = {
						CreatedOnToolsVersion = 11.3.1;
					};
					FD3B0B3B2427EAC8003AA2CB = {
						CreatedOnToolsVersion = 11.3.1;
					};
					FD3B0B462427EAC8003AA2CB = {
						CreatedOnToolsVersion = 11.3.1;
						TestTargetID = FD3B0B202427EAC6003AA2CB;
					};
				};
			};
			buildConfigurationList = FD3B0B1C2427EAC6003AA2CB /* Build configuration list for PBXProject "Kakitori" */;
			compatibilityVersion = "Xcode 9.3";
			developmentRegion = en;
			hasScannedForEncodings = 0;
			knownRegions = (
				en,
				Base,
			);
			mainGroup = FD3B0B182427EAC6003AA2CB;
			productRefGroup = FD3B0B222427EAC6003AA2CB /* Products */;
			projectDirPath = "";
			projectRoot = "";
			targets = (
				FD3B0B202427EAC6003AA2CB /* Kakitori */,
				FD3B0B3B2427EAC8003AA2CB /* KakitoriTests */,
				FD3B0B462427EAC8003AA2CB /* KakitoriUITests */,
				FD349DEF242E716A00A6C1C3 /* KakitoriLib */,
			);
		};
/* End PBXProject section */

/* Begin PBXResourcesBuildPhase section */
		FD3B0B1F2427EAC6003AA2CB /* Resources */ = {
			isa = PBXResourcesBuildPhase;
			buildActionMask = 2147483647;
			files = (
				FD3B0B342427EAC8003AA2CB /* LaunchScreen.storyboard in Resources */,
				FD3B0B312427EAC8003AA2CB /* Assets.xcassets in Resources */,
				FD3B0B2F2427EAC6003AA2CB /* Main.storyboard in Resources */,
			);
			runOnlyForDeploymentPostprocessing = 0;
		};
		FD3B0B3A2427EAC8003AA2CB /* Resources */ = {
			isa = PBXResourcesBuildPhase;
			buildActionMask = 2147483647;
			files = (
				FD349DE8242E6CFB00A6C1C3 /* KVG-4eee-curve-error.strlit in Resources */,
				FD349DE9242E6CFB00A6C1C3 /* KVG-4eee-cmd-error.strlit in Resources */,
				FD349DEA242E6CFB00A6C1C3 /* KVG-4eee-move-error.strlit in Resources */,
				FD349DE6242E6CFB00A6C1C3 /* KVG-4eee-view-error.strlit in Resources */,
				FD349DE7242E6CFB00A6C1C3 /* KVG-4eee-with-rel.strlit in Resources */,
				FD349DEB242E6CFB00A6C1C3 /* KVG-4eee.strlit in Resources */,
			);
			runOnlyForDeploymentPostprocessing = 0;
		};
		FD3B0B452427EAC8003AA2CB /* Resources */ = {
			isa = PBXResourcesBuildPhase;
			buildActionMask = 2147483647;
			files = (
			);
			runOnlyForDeploymentPostprocessing = 0;
		};
/* End PBXResourcesBuildPhase section */

/* Begin PBXSourcesBuildPhase section */
		FD349DEC242E716A00A6C1C3 /* Sources */ = {
			isa = PBXSourcesBuildPhase;
			buildActionMask = 2147483647;
			files = (
				FD349E03242E7A7000A6C1C3 /* EWCStatusWriterProtocol.h in Sources */,
				FD349E04242E7A7000A6C1C3 /* EWCStdoutStatusWriter.h in Sources */,
				FD349E05242E7A7000A6C1C3 /* EWCStdoutStatusWriter.m in Sources */,
				FD349E06242E7A7000A6C1C3 /* EWCConsoleLogStatusWriter.h in Sources */,
				FD349E07242E7A7000A6C1C3 /* EWCConsoleLogStatusWriter.m in Sources */,
				FD349E08242E7A7000A6C1C3 /* EWCCurveStrokePart.h in Sources */,
				FD349E09242E7A7000A6C1C3 /* EWCCurveStrokePart.m in Sources */,
				FD349E0A242E7A7000A6C1C3 /* EWCMoveStrokePart.h in Sources */,
				FD349E0B242E7A7000A6C1C3 /* EWCMoveStrokePart.m in Sources */,
				FD349E0C242E7A7000A6C1C3 /* EWCStroke.h in Sources */,
				FD349E0D242E7A7000A6C1C3 /* EWCStroke.m in Sources */,
				FD349E0E242E7A7000A6C1C3 /* EWCStrokeData.h in Sources */,
				FD349E0F242E7A7000A6C1C3 /* EWCStrokeData.m in Sources */,
				FD349E10242E7A7000A6C1C3 /* EWCStrokeData+Protected.h in Sources */,
				FD349E11242E7A7000A6C1C3 /* EWCStrokeDataError.h in Sources */,
				FD349E12242E7A7000A6C1C3 /* EWCStrokeDataError.m in Sources */,
				FD349E13242E7A7000A6C1C3 /* EWCStrokeDataParserDelegate.h in Sources */,
				FD349E14242E7A7000A6C1C3 /* EWCStrokeDataParserDelegate.m in Sources */,
				FD349E15242E7A7000A6C1C3 /* EWCStrokePart.h in Sources */,
				FD349E16242E7A7000A6C1C3 /* EWCStrokePart.m in Sources */,
				FD349E17242E7A7000A6C1C3 /* EWCStrokePartTokenizer.h in Sources */,
				FD349E18242E7A7000A6C1C3 /* EWCStrokePartTokenizer.m in Sources */,
				FD349E19242E7A7000A6C1C3 /* EWCStrokeDataLoader.h in Sources */,
				FD349E1A242E7A7000A6C1C3 /* EWCStrokeDataLoader.m in Sources */,
			);
			runOnlyForDeploymentPostprocessing = 0;
		};
		FD3B0B1D2427EAC6003AA2CB /* Sources */ = {
			isa = PBXSourcesBuildPhase;
			buildActionMask = 2147483647;
			files = (
				FD3B0B2C2427EAC6003AA2CB /* ViewController.m in Sources */,
				FD3B0B262427EAC6003AA2CB /* AppDelegate.m in Sources */,
				FD3B0B372427EAC8003AA2CB /* main.m in Sources */,
				FD3B0B292427EAC6003AA2CB /* SceneDelegate.m in Sources */,
			);
			runOnlyForDeploymentPostprocessing = 0;
		};
		FD3B0B382427EAC8003AA2CB /* Sources */ = {
			isa = PBXSourcesBuildPhase;
			buildActionMask = 2147483647;
			files = (
				FD349E1F242E7CD600A6C1C3 /* EWCStatusWriterTests.m in Sources */,
				FD3B0B412427EAC8003AA2CB /* KakitoriTests.m in Sources */,
				FD349E00242E78D600A6C1C3 /* TestingAppDelegate.m in Sources */,
				FD349DCF242D303600A6C1C3 /* EWCStrokeDataTests.m in Sources */,
			);
			runOnlyForDeploymentPostprocessing = 0;
		};
		FD3B0B432427EAC8003AA2CB /* Sources */ = {
			isa = PBXSourcesBuildPhase;
			buildActionMask = 2147483647;
			files = (
				FD3B0B4C2427EAC8003AA2CB /* KakitoriUITests.m in Sources */,
			);
			runOnlyForDeploymentPostprocessing = 0;
		};
/* End PBXSourcesBuildPhase section */

/* Begin PBXTargetDependency section */
		FD349DFA242E71B700A6C1C3 /* PBXTargetDependency */ = {
			isa = PBXTargetDependency;
			target = FD349DEF242E716A00A6C1C3 /* KakitoriLib */;
			targetProxy = FD349DF9242E71B700A6C1C3 /* PBXContainerItemProxy */;
		};
		FD349E1C242E7B3900A6C1C3 /* PBXTargetDependency */ = {
			isa = PBXTargetDependency;
			target = FD349DEF242E716A00A6C1C3 /* KakitoriLib */;
			targetProxy = FD349E1B242E7B3900A6C1C3 /* PBXContainerItemProxy */;
		};
		FD3B0B492427EAC8003AA2CB /* PBXTargetDependency */ = {
			isa = PBXTargetDependency;
			target = FD3B0B202427EAC6003AA2CB /* Kakitori */;
			targetProxy = FD3B0B482427EAC8003AA2CB /* PBXContainerItemProxy */;
		};
/* End PBXTargetDependency section */

/* Begin PBXVariantGroup section */
		FD3B0B2D2427EAC6003AA2CB /* Main.storyboard */ = {
			isa = PBXVariantGroup;
			children = (
				FD3B0B2E2427EAC6003AA2CB /* Base */,
			);
			name = Main.storyboard;
			sourceTree = "<group>";
		};
		FD3B0B322427EAC8003AA2CB /* LaunchScreen.storyboard */ = {
			isa = PBXVariantGroup;
			children = (
				FD3B0B332427EAC8003AA2CB /* Base */,
			);
			name = LaunchScreen.storyboard;
			sourceTree = "<group>";
		};
/* End PBXVariantGroup section */

/* Begin XCBuildConfiguration section */
		FD349DF7242E716A00A6C1C3 /* Debug */ = {
			isa = XCBuildConfiguration;
			buildSettings = {
				CODE_SIGN_STYLE = Automatic;
				DEVELOPMENT_TEAM = RU9C9DUDK9;
				IPHONEOS_DEPLOYMENT_TARGET = 13.4;
				OTHER_LDFLAGS = "-ObjC";
				PRODUCT_NAME = "$(TARGET_NAME)";
				SKIP_INSTALL = YES;
				TARGETED_DEVICE_FAMILY = "1,2";
			};
			name = Debug;
		};
		FD349DF8242E716A00A6C1C3 /* Release */ = {
			isa = XCBuildConfiguration;
			buildSettings = {
				CODE_SIGN_STYLE = Automatic;
				DEVELOPMENT_TEAM = RU9C9DUDK9;
				IPHONEOS_DEPLOYMENT_TARGET = 13.4;
				OTHER_LDFLAGS = "-ObjC";
				PRODUCT_NAME = "$(TARGET_NAME)";
				SKIP_INSTALL = YES;
				TARGETED_DEVICE_FAMILY = "1,2";
			};
			name = Release;
		};
		FD3B0B4E2427EAC8003AA2CB /* Debug */ = {
			isa = XCBuildConfiguration;
			buildSettings = {
				ALWAYS_SEARCH_USER_PATHS = NO;
				CLANG_ANALYZER_NONNULL = YES;
				CLANG_ANALYZER_NUMBER_OBJECT_CONVERSION = YES_AGGRESSIVE;
				CLANG_CXX_LANGUAGE_STANDARD = "gnu++14";
				CLANG_CXX_LIBRARY = "libc++";
				CLANG_ENABLE_MODULES = YES;
				CLANG_ENABLE_OBJC_ARC = YES;
				CLANG_ENABLE_OBJC_WEAK = YES;
				CLANG_WARN_BLOCK_CAPTURE_AUTORELEASING = YES;
				CLANG_WARN_BOOL_CONVERSION = YES;
				CLANG_WARN_COMMA = YES;
				CLANG_WARN_CONSTANT_CONVERSION = YES;
				CLANG_WARN_DEPRECATED_OBJC_IMPLEMENTATIONS = YES;
				CLANG_WARN_DIRECT_OBJC_ISA_USAGE = YES_ERROR;
				CLANG_WARN_DOCUMENTATION_COMMENTS = YES;
				CLANG_WARN_EMPTY_BODY = YES;
				CLANG_WARN_ENUM_CONVERSION = YES;
				CLANG_WARN_INFINITE_RECURSION = YES;
				CLANG_WARN_INT_CONVERSION = YES;
				CLANG_WARN_NON_LITERAL_NULL_CONVERSION = YES;
				CLANG_WARN_OBJC_IMPLICIT_RETAIN_SELF = YES;
				CLANG_WARN_OBJC_LITERAL_CONVERSION = YES;
				CLANG_WARN_OBJC_ROOT_CLASS = YES_ERROR;
				CLANG_WARN_RANGE_LOOP_ANALYSIS = YES;
				CLANG_WARN_STRICT_PROTOTYPES = YES;
				CLANG_WARN_SUSPICIOUS_MOVE = YES;
				CLANG_WARN_UNGUARDED_AVAILABILITY = YES_AGGRESSIVE;
				CLANG_WARN_UNREACHABLE_CODE = YES;
				CLANG_WARN__DUPLICATE_METHOD_MATCH = YES;
				COPY_PHASE_STRIP = NO;
				DEBUG_INFORMATION_FORMAT = dwarf;
				ENABLE_STRICT_OBJC_MSGSEND = YES;
				ENABLE_TESTABILITY = YES;
				GCC_C_LANGUAGE_STANDARD = gnu11;
				GCC_DYNAMIC_NO_PIC = NO;
				GCC_NO_COMMON_BLOCKS = YES;
				GCC_OPTIMIZATION_LEVEL = 0;
				GCC_PREPROCESSOR_DEFINITIONS = (
					"DEBUG=1",
					"$(inherited)",
				);
				GCC_WARN_64_TO_32_BIT_CONVERSION = YES;
				GCC_WARN_ABOUT_RETURN_TYPE = YES_ERROR;
				GCC_WARN_UNDECLARED_SELECTOR = YES;
				GCC_WARN_UNINITIALIZED_AUTOS = YES_AGGRESSIVE;
				GCC_WARN_UNUSED_FUNCTION = YES;
				GCC_WARN_UNUSED_VARIABLE = YES;
				HEADER_SEARCH_PATHS = "deps/include/**";
				IPHONEOS_DEPLOYMENT_TARGET = 13.0;
				MTL_ENABLE_DEBUG_INFO = INCLUDE_SOURCE;
				MTL_FAST_MATH = YES;
				ONLY_ACTIVE_ARCH = YES;
				OTHER_LDFLAGS = "";
				SDKROOT = iphoneos;
			};
			name = Debug;
		};
		FD3B0B4F2427EAC8003AA2CB /* Release */ = {
			isa = XCBuildConfiguration;
			buildSettings = {
				ALWAYS_SEARCH_USER_PATHS = NO;
				CLANG_ANALYZER_NONNULL = YES;
				CLANG_ANALYZER_NUMBER_OBJECT_CONVERSION = YES_AGGRESSIVE;
				CLANG_CXX_LANGUAGE_STANDARD = "gnu++14";
				CLANG_CXX_LIBRARY = "libc++";
				CLANG_ENABLE_MODULES = YES;
				CLANG_ENABLE_OBJC_ARC = YES;
				CLANG_ENABLE_OBJC_WEAK = YES;
				CLANG_WARN_BLOCK_CAPTURE_AUTORELEASING = YES;
				CLANG_WARN_BOOL_CONVERSION = YES;
				CLANG_WARN_COMMA = YES;
				CLANG_WARN_CONSTANT_CONVERSION = YES;
				CLANG_WARN_DEPRECATED_OBJC_IMPLEMENTATIONS = YES;
				CLANG_WARN_DIRECT_OBJC_ISA_USAGE = YES_ERROR;
				CLANG_WARN_DOCUMENTATION_COMMENTS = YES;
				CLANG_WARN_EMPTY_BODY = YES;
				CLANG_WARN_ENUM_CONVERSION = YES;
				CLANG_WARN_INFINITE_RECURSION = YES;
				CLANG_WARN_INT_CONVERSION = YES;
				CLANG_WARN_NON_LITERAL_NULL_CONVERSION = YES;
				CLANG_WARN_OBJC_IMPLICIT_RETAIN_SELF = YES;
				CLANG_WARN_OBJC_LITERAL_CONVERSION = YES;
				CLANG_WARN_OBJC_ROOT_CLASS = YES_ERROR;
				CLANG_WARN_RANGE_LOOP_ANALYSIS = YES;
				CLANG_WARN_STRICT_PROTOTYPES = YES;
				CLANG_WARN_SUSPICIOUS_MOVE = YES;
				CLANG_WARN_UNGUARDED_AVAILABILITY = YES_AGGRESSIVE;
				CLANG_WARN_UNREACHABLE_CODE = YES;
				CLANG_WARN__DUPLICATE_METHOD_MATCH = YES;
				COPY_PHASE_STRIP = NO;
				DEBUG_INFORMATION_FORMAT = "dwarf-with-dsym";
				ENABLE_NS_ASSERTIONS = NO;
				ENABLE_STRICT_OBJC_MSGSEND = YES;
				GCC_C_LANGUAGE_STANDARD = gnu11;
				GCC_NO_COMMON_BLOCKS = YES;
				GCC_WARN_64_TO_32_BIT_CONVERSION = YES;
				GCC_WARN_ABOUT_RETURN_TYPE = YES_ERROR;
				GCC_WARN_UNDECLARED_SELECTOR = YES;
				GCC_WARN_UNINITIALIZED_AUTOS = YES_AGGRESSIVE;
				GCC_WARN_UNUSED_FUNCTION = YES;
				GCC_WARN_UNUSED_VARIABLE = YES;
				HEADER_SEARCH_PATHS = "deps/include/**";
				IPHONEOS_DEPLOYMENT_TARGET = 13.0;
				MTL_ENABLE_DEBUG_INFO = NO;
				MTL_FAST_MATH = YES;
				OTHER_LDFLAGS = "";
				SDKROOT = iphoneos;
				VALIDATE_PRODUCT = YES;
			};
			name = Release;
		};
		FD3B0B512427EAC8003AA2CB /* Debug */ = {
			isa = XCBuildConfiguration;
			buildSettings = {
				ASSETCATALOG_COMPILER_APPICON_NAME = AppIcon;
				CODE_SIGN_ENTITLEMENTS = Kakitori/Kakitori.entitlements;
				CODE_SIGN_STYLE = Automatic;
				DERIVE_MACCATALYST_PRODUCT_BUNDLE_IDENTIFIER = YES;
				DEVELOPMENT_TEAM = RU9C9DUDK9;
				INFOPLIST_FILE = Kakitori/Info.plist;
				IPHONEOS_DEPLOYMENT_TARGET = 13.0;
				LD_RUNPATH_SEARCH_PATHS = (
					"$(inherited)",
					"@executable_path/Frameworks",
				);
				LIBRARY_SEARCH_PATHS = (
					"$(inherited)",
					"$(PROJECT_DIR)/deps/lib",
				);
				PRODUCT_BUNDLE_IDENTIFIER = com.ebbyware.Kakitori;
				PRODUCT_NAME = "$(TARGET_NAME)";
				SUPPORTS_MACCATALYST = YES;
				TARGETED_DEVICE_FAMILY = "1,2";
			};
			name = Debug;
		};
		FD3B0B522427EAC8003AA2CB /* Release */ = {
			isa = XCBuildConfiguration;
			buildSettings = {
				ASSETCATALOG_COMPILER_APPICON_NAME = AppIcon;
				CODE_SIGN_ENTITLEMENTS = Kakitori/Kakitori.entitlements;
				CODE_SIGN_STYLE = Automatic;
				DERIVE_MACCATALYST_PRODUCT_BUNDLE_IDENTIFIER = YES;
				DEVELOPMENT_TEAM = RU9C9DUDK9;
				INFOPLIST_FILE = Kakitori/Info.plist;
				IPHONEOS_DEPLOYMENT_TARGET = 13.0;
				LD_RUNPATH_SEARCH_PATHS = (
					"$(inherited)",
					"@executable_path/Frameworks",
				);
				LIBRARY_SEARCH_PATHS = (
					"$(inherited)",
					"$(PROJECT_DIR)/deps/lib",
				);
				PRODUCT_BUNDLE_IDENTIFIER = com.ebbyware.Kakitori;
				PRODUCT_NAME = "$(TARGET_NAME)";
				SUPPORTS_MACCATALYST = YES;
				TARGETED_DEVICE_FAMILY = "1,2";
			};
			name = Release;
		};
		FD3B0B542427EAC8003AA2CB /* Debug */ = {
			isa = XCBuildConfiguration;
			buildSettings = {
				CODE_SIGN_STYLE = Automatic;
				DEVELOPMENT_TEAM = RU9C9DUDK9;
				FRAMEWORK_SEARCH_PATHS = (
					"$(inherited)",
					"$(PROJECT_DIR)/deps",
				);
				INFOPLIST_FILE = KakitoriTests/Info.plist;
				IPHONEOS_DEPLOYMENT_TARGET = 13.0;
				LD_RUNPATH_SEARCH_PATHS = (
					"$(inherited)",
					"@executable_path/Frameworks",
					"@loader_path/Frameworks",
				);
				LIBRARY_SEARCH_PATHS = (
					"$(inherited)",
					"$(PROJECT_DIR)/deps",
					"$(PROJECT_DIR)/deps/lib",
				);
				OTHER_LDFLAGS = "-ObjC";
				PRODUCT_BUNDLE_IDENTIFIER = com.ebbyware.KakitoriTests;
				PRODUCT_NAME = "$(TARGET_NAME)";
				TARGETED_DEVICE_FAMILY = "1,2";
			};
			name = Debug;
		};
		FD3B0B552427EAC8003AA2CB /* Release */ = {
			isa = XCBuildConfiguration;
			buildSettings = {
				CODE_SIGN_STYLE = Automatic;
				DEVELOPMENT_TEAM = RU9C9DUDK9;
				FRAMEWORK_SEARCH_PATHS = (
					"$(inherited)",
					"$(PROJECT_DIR)/deps",
				);
				INFOPLIST_FILE = KakitoriTests/Info.plist;
				IPHONEOS_DEPLOYMENT_TARGET = 13.0;
				LD_RUNPATH_SEARCH_PATHS = (
					"$(inherited)",
					"@executable_path/Frameworks",
					"@loader_path/Frameworks",
				);
				LIBRARY_SEARCH_PATHS = (
					"$(inherited)",
					"$(PROJECT_DIR)/deps",
					"$(PROJECT_DIR)/deps/lib",
				);
				OTHER_LDFLAGS = "-ObjC";
				PRODUCT_BUNDLE_IDENTIFIER = com.ebbyware.KakitoriTests;
				PRODUCT_NAME = "$(TARGET_NAME)";
				TARGETED_DEVICE_FAMILY = "1,2";
			};
			name = Release;
		};
		FD3B0B572427EAC8003AA2CB /* Debug */ = {
			isa = XCBuildConfiguration;
			buildSettings = {
				CODE_SIGN_STYLE = Automatic;
				DEVELOPMENT_TEAM = RU9C9DUDK9;
				INFOPLIST_FILE = KakitoriUITests/Info.plist;
				LD_RUNPATH_SEARCH_PATHS = (
					"$(inherited)",
					"@executable_path/Frameworks",
					"@loader_path/Frameworks",
				);
				PRODUCT_BUNDLE_IDENTIFIER = com.ebbyware.KakitoriUITests;
				PRODUCT_NAME = "$(TARGET_NAME)";
				TARGETED_DEVICE_FAMILY = "1,2";
				TEST_TARGET_NAME = Kakitori;
			};
			name = Debug;
		};
		FD3B0B582427EAC8003AA2CB /* Release */ = {
			isa = XCBuildConfiguration;
			buildSettings = {
				CODE_SIGN_STYLE = Automatic;
				DEVELOPMENT_TEAM = RU9C9DUDK9;
				INFOPLIST_FILE = KakitoriUITests/Info.plist;
				LD_RUNPATH_SEARCH_PATHS = (
					"$(inherited)",
					"@executable_path/Frameworks",
					"@loader_path/Frameworks",
				);
				PRODUCT_BUNDLE_IDENTIFIER = com.ebbyware.KakitoriUITests;
				PRODUCT_NAME = "$(TARGET_NAME)";
				TARGETED_DEVICE_FAMILY = "1,2";
				TEST_TARGET_NAME = Kakitori;
			};
			name = Release;
		};
/* End XCBuildConfiguration section */

/* Begin XCConfigurationList section */
		FD349DF6242E716A00A6C1C3 /* Build configuration list for PBXNativeTarget "KakitoriLib" */ = {
			isa = XCConfigurationList;
			buildConfigurations = (
				FD349DF7242E716A00A6C1C3 /* Debug */,
				FD349DF8242E716A00A6C1C3 /* Release */,
			);
			defaultConfigurationIsVisible = 0;
			defaultConfigurationName = Release;
		};
		FD3B0B1C2427EAC6003AA2CB /* Build configuration list for PBXProject "Kakitori" */ = {
			isa = XCConfigurationList;
			buildConfigurations = (
				FD3B0B4E2427EAC8003AA2CB /* Debug */,
				FD3B0B4F2427EAC8003AA2CB /* Release */,
			);
			defaultConfigurationIsVisible = 0;
			defaultConfigurationName = Release;
		};
		FD3B0B502427EAC8003AA2CB /* Build configuration list for PBXNativeTarget "Kakitori" */ = {
			isa = XCConfigurationList;
			buildConfigurations = (
				FD3B0B512427EAC8003AA2CB /* Debug */,
				FD3B0B522427EAC8003AA2CB /* Release */,
			);
			defaultConfigurationIsVisible = 0;
			defaultConfigurationName = Release;
		};
		FD3B0B532427EAC8003AA2CB /* Build configuration list for PBXNativeTarget "KakitoriTests" */ = {
			isa = XCConfigurationList;
			buildConfigurations = (
				FD3B0B542427EAC8003AA2CB /* Debug */,
				FD3B0B552427EAC8003AA2CB /* Release */,
			);
			defaultConfigurationIsVisible = 0;
			defaultConfigurationName = Release;
		};
		FD3B0B562427EAC8003AA2CB /* Build configuration list for PBXNativeTarget "KakitoriUITests" */ = {
			isa = XCConfigurationList;
			buildConfigurations = (
				FD3B0B572427EAC8003AA2CB /* Debug */,
				FD3B0B582427EAC8003AA2CB /* Release */,
			);
			defaultConfigurationIsVisible = 0;
			defaultConfigurationName = Release;
		};
/* End XCConfigurationList section */
	};
	rootObject = FD3B0B192427EAC6003AA2CB /* Project object */;
}
