// !$*UTF8*$!
{
	archiveVersion = 1;
	classes = {
	};
	objectVersion = 50;
	objects = {

/* Begin PBXBuildFile section */
		FD3B0B6D2427FDA9003AA2CB /* main.m in Sources */ = {isa = PBXBuildFile; fileRef = FD3B0B6C2427FDA9003AA2CB /* main.m */; };
		FD3B0BBF242A6F2E003AA2CB /* EWCStroke.m in Sources */ = {isa = PBXBuildFile; fileRef = FD3B0BAE242A6F2E003AA2CB /* EWCStroke.m */; };
		FD3B0BC0242A6F2E003AA2CB /* EWCCurveStrokePart.m in Sources */ = {isa = PBXBuildFile; fileRef = FD3B0BB0242A6F2E003AA2CB /* EWCCurveStrokePart.m */; };
		FD3B0BC1242A6F2E003AA2CB /* EWCStrokeDataError.m in Sources */ = {isa = PBXBuildFile; fileRef = FD3B0BB1242A6F2E003AA2CB /* EWCStrokeDataError.m */; };
		FD3B0BC2242A6F2E003AA2CB /* EWCStrokeDataParserDelegate.m in Sources */ = {isa = PBXBuildFile; fileRef = FD3B0BB2242A6F2E003AA2CB /* EWCStrokeDataParserDelegate.m */; };
		FD3B0BC3242A6F2E003AA2CB /* EWCStrokePart.m in Sources */ = {isa = PBXBuildFile; fileRef = FD3B0BB4242A6F2E003AA2CB /* EWCStrokePart.m */; };
		FD3B0BC4242A6F2E003AA2CB /* EWCMoveStrokePart.m in Sources */ = {isa = PBXBuildFile; fileRef = FD3B0BB5242A6F2E003AA2CB /* EWCMoveStrokePart.m */; };
		FD3B0BC5242A6F2E003AA2CB /* EWCStrokePartTokenizer.m in Sources */ = {isa = PBXBuildFile; fileRef = FD3B0BB6242A6F2E003AA2CB /* EWCStrokePartTokenizer.m */; };
		FD3B0BC6242A6F2E003AA2CB /* EWCStrokeData.m in Sources */ = {isa = PBXBuildFile; fileRef = FD3B0BBD242A6F2E003AA2CB /* EWCStrokeData.m */; };
		FD3B0BCB242A7046003AA2CB /* xml_lib.m in Sources */ = {isa = PBXBuildFile; fileRef = FD3B0BC7242A7046003AA2CB /* xml_lib.m */; };
		FD3B0BCC242A7046003AA2CB /* LineWriter.m in Sources */ = {isa = PBXBuildFile; fileRef = FD3B0BC8242A7046003AA2CB /* LineWriter.m */; };
/* End PBXBuildFile section */

/* Begin PBXCopyFilesBuildPhase section */
		FD3B0B672427FDA9003AA2CB /* CopyFiles */ = {
			isa = PBXCopyFilesBuildPhase;
			buildActionMask = 2147483647;
			dstPath = /usr/share/man/man1/;
			dstSubfolderSpec = 0;
			files = (
			);
			runOnlyForDeploymentPostprocessing = 1;
		};
/* End PBXCopyFilesBuildPhase section */

/* Begin PBXFileReference section */
		FD3B0B692427FDA9003AA2CB /* xml-workspace */ = {isa = PBXFileReference; explicitFileType = "compiled.mach-o.executable"; includeInIndex = 0; path = "xml-workspace"; sourceTree = BUILT_PRODUCTS_DIR; };
		FD3B0B6C2427FDA9003AA2CB /* main.m */ = {isa = PBXFileReference; lastKnownFileType = sourcecode.c.objc; path = main.m; sourceTree = "<group>"; };
		FD3B0BAE242A6F2E003AA2CB /* EWCStroke.m */ = {isa = PBXFileReference; fileEncoding = 4; lastKnownFileType = sourcecode.c.objc; path = EWCStroke.m; sourceTree = "<group>"; };
		FD3B0BAF242A6F2E003AA2CB /* EWCStrokePartTokenizer.h */ = {isa = PBXFileReference; fileEncoding = 4; lastKnownFileType = sourcecode.c.h; path = EWCStrokePartTokenizer.h; sourceTree = "<group>"; };
		FD3B0BB0242A6F2E003AA2CB /* EWCCurveStrokePart.m */ = {isa = PBXFileReference; fileEncoding = 4; lastKnownFileType = sourcecode.c.objc; path = EWCCurveStrokePart.m; sourceTree = "<group>"; };
		FD3B0BB1242A6F2E003AA2CB /* EWCStrokeDataError.m */ = {isa = PBXFileReference; fileEncoding = 4; lastKnownFileType = sourcecode.c.objc; path = EWCStrokeDataError.m; sourceTree = "<group>"; };
		FD3B0BB2242A6F2E003AA2CB /* EWCStrokeDataParserDelegate.m */ = {isa = PBXFileReference; fileEncoding = 4; lastKnownFileType = sourcecode.c.objc; path = EWCStrokeDataParserDelegate.m; sourceTree = "<group>"; };
		FD3B0BB3242A6F2E003AA2CB /* EWCStrokeData.h */ = {isa = PBXFileReference; fileEncoding = 4; lastKnownFileType = sourcecode.c.h; path = EWCStrokeData.h; sourceTree = "<group>"; };
		FD3B0BB4242A6F2E003AA2CB /* EWCStrokePart.m */ = {isa = PBXFileReference; fileEncoding = 4; lastKnownFileType = sourcecode.c.objc; path = EWCStrokePart.m; sourceTree = "<group>"; };
		FD3B0BB5242A6F2E003AA2CB /* EWCMoveStrokePart.m */ = {isa = PBXFileReference; fileEncoding = 4; lastKnownFileType = sourcecode.c.objc; path = EWCMoveStrokePart.m; sourceTree = "<group>"; };
		FD3B0BB6242A6F2E003AA2CB /* EWCStrokePartTokenizer.m */ = {isa = PBXFileReference; fileEncoding = 4; lastKnownFileType = sourcecode.c.objc; path = EWCStrokePartTokenizer.m; sourceTree = "<group>"; };
		FD3B0BB7242A6F2E003AA2CB /* EWCStroke.h */ = {isa = PBXFileReference; fileEncoding = 4; lastKnownFileType = sourcecode.c.h; path = EWCStroke.h; sourceTree = "<group>"; };
		FD3B0BB8242A6F2E003AA2CB /* EWCStrokeData+Protected.h */ = {isa = PBXFileReference; fileEncoding = 4; lastKnownFileType = sourcecode.c.h; path = "EWCStrokeData+Protected.h"; sourceTree = "<group>"; };
		FD3B0BB9242A6F2E003AA2CB /* EWCStrokeDataError.h */ = {isa = PBXFileReference; fileEncoding = 4; lastKnownFileType = sourcecode.c.h; path = EWCStrokeDataError.h; sourceTree = "<group>"; };
		FD3B0BBA242A6F2E003AA2CB /* EWCCurveStrokePart.h */ = {isa = PBXFileReference; fileEncoding = 4; lastKnownFileType = sourcecode.c.h; path = EWCCurveStrokePart.h; sourceTree = "<group>"; };
		FD3B0BBB242A6F2E003AA2CB /* EWCMoveStrokePart.h */ = {isa = PBXFileReference; fileEncoding = 4; lastKnownFileType = sourcecode.c.h; path = EWCMoveStrokePart.h; sourceTree = "<group>"; };
		FD3B0BBC242A6F2E003AA2CB /* EWCStrokePart.h */ = {isa = PBXFileReference; fileEncoding = 4; lastKnownFileType = sourcecode.c.h; path = EWCStrokePart.h; sourceTree = "<group>"; };
		FD3B0BBD242A6F2E003AA2CB /* EWCStrokeData.m */ = {isa = PBXFileReference; fileEncoding = 4; lastKnownFileType = sourcecode.c.objc; path = EWCStrokeData.m; sourceTree = "<group>"; };
		FD3B0BBE242A6F2E003AA2CB /* EWCStrokeDataParserDelegate.h */ = {isa = PBXFileReference; fileEncoding = 4; lastKnownFileType = sourcecode.c.h; path = EWCStrokeDataParserDelegate.h; sourceTree = "<group>"; };
		FD3B0BC7242A7046003AA2CB /* xml_lib.m */ = {isa = PBXFileReference; fileEncoding = 4; lastKnownFileType = sourcecode.c.objc; path = xml_lib.m; sourceTree = "<group>"; };
		FD3B0BC8242A7046003AA2CB /* LineWriter.m */ = {isa = PBXFileReference; fileEncoding = 4; lastKnownFileType = sourcecode.c.objc; path = LineWriter.m; sourceTree = "<group>"; };
		FD3B0BC9242A7046003AA2CB /* xml_lib.h */ = {isa = PBXFileReference; fileEncoding = 4; lastKnownFileType = sourcecode.c.h; path = xml_lib.h; sourceTree = "<group>"; };
		FD3B0BCA242A7046003AA2CB /* LineWriter.h */ = {isa = PBXFileReference; fileEncoding = 4; lastKnownFileType = sourcecode.c.h; path = LineWriter.h; sourceTree = "<group>"; };
/* End PBXFileReference section */

/* Begin PBXFrameworksBuildPhase section */
		FD3B0B662427FDA9003AA2CB /* Frameworks */ = {
			isa = PBXFrameworksBuildPhase;
			buildActionMask = 2147483647;
			files = (
			);
			runOnlyForDeploymentPostprocessing = 0;
		};
/* End PBXFrameworksBuildPhase section */

/* Begin PBXGroup section */
		FD3B0B602427FDA9003AA2CB = {
			isa = PBXGroup;
			children = (
				FD3B0B6B2427FDA9003AA2CB /* xml-workspace */,
				FD3B0B6A2427FDA9003AA2CB /* Products */,
				FD3B0B802427FE0B003AA2CB /* Frameworks */,
			);
			sourceTree = "<group>";
		};
		FD3B0B6A2427FDA9003AA2CB /* Products */ = {
			isa = PBXGroup;
			children = (
				FD3B0B692427FDA9003AA2CB /* xml-workspace */,
			);
			name = Products;
			sourceTree = "<group>";
		};
		FD3B0B6B2427FDA9003AA2CB /* xml-workspace */ = {
			isa = PBXGroup;
			children = (
				FD3B0BAC242A6F2E003AA2CB /* Modules */,
				FD3B0BCA242A7046003AA2CB /* LineWriter.h */,
				FD3B0BC8242A7046003AA2CB /* LineWriter.m */,
				FD3B0BC9242A7046003AA2CB /* xml_lib.h */,
				FD3B0BC7242A7046003AA2CB /* xml_lib.m */,
				FD3B0B6C2427FDA9003AA2CB /* main.m */,
			);
			path = "xml-workspace";
			sourceTree = "<group>";
		};
		FD3B0B802427FE0B003AA2CB /* Frameworks */ = {
			isa = PBXGroup;
			children = (
			);
			name = Frameworks;
			sourceTree = "<group>";
		};
		FD3B0BAC242A6F2E003AA2CB /* Modules */ = {
			isa = PBXGroup;
			children = (
				FD3B0BAD242A6F2E003AA2CB /* StrokeOrder */,
			);
			path = Modules;
			sourceTree = "<group>";
		};
		FD3B0BAD242A6F2E003AA2CB /* StrokeOrder */ = {
			isa = PBXGroup;
			children = (
				FD3B0BAE242A6F2E003AA2CB /* EWCStroke.m */,
				FD3B0BAF242A6F2E003AA2CB /* EWCStrokePartTokenizer.h */,
				FD3B0BB0242A6F2E003AA2CB /* EWCCurveStrokePart.m */,
				FD3B0BB1242A6F2E003AA2CB /* EWCStrokeDataError.m */,
				FD3B0BB2242A6F2E003AA2CB /* EWCStrokeDataParserDelegate.m */,
				FD3B0BB3242A6F2E003AA2CB /* EWCStrokeData.h */,
				FD3B0BB4242A6F2E003AA2CB /* EWCStrokePart.m */,
				FD3B0BB5242A6F2E003AA2CB /* EWCMoveStrokePart.m */,
				FD3B0BB6242A6F2E003AA2CB /* EWCStrokePartTokenizer.m */,
				FD3B0BB7242A6F2E003AA2CB /* EWCStroke.h */,
				FD3B0BB8242A6F2E003AA2CB /* EWCStrokeData+Protected.h */,
				FD3B0BB9242A6F2E003AA2CB /* EWCStrokeDataError.h */,
				FD3B0BBA242A6F2E003AA2CB /* EWCCurveStrokePart.h */,
				FD3B0BBB242A6F2E003AA2CB /* EWCMoveStrokePart.h */,
				FD3B0BBC242A6F2E003AA2CB /* EWCStrokePart.h */,
				FD3B0BBD242A6F2E003AA2CB /* EWCStrokeData.m */,
				FD3B0BBE242A6F2E003AA2CB /* EWCStrokeDataParserDelegate.h */,
			);
			path = StrokeOrder;
			sourceTree = "<group>";
		};
/* End PBXGroup section */

/* Begin PBXNativeTarget section */
		FD3B0B682427FDA9003AA2CB /* xml-workspace */ = {
			isa = PBXNativeTarget;
			buildConfigurationList = FD3B0B702427FDA9003AA2CB /* Build configuration list for PBXNativeTarget "xml-workspace" */;
			buildPhases = (
				FD3B0B652427FDA9003AA2CB /* Sources */,
				FD3B0B662427FDA9003AA2CB /* Frameworks */,
				FD3B0B672427FDA9003AA2CB /* CopyFiles */,
			);
			buildRules = (
			);
			dependencies = (
			);
			name = "xml-workspace";
			productName = "xml-workspace";
			productReference = FD3B0B692427FDA9003AA2CB /* xml-workspace */;
			productType = "com.apple.product-type.tool";
		};
/* End PBXNativeTarget section */

/* Begin PBXProject section */
		FD3B0B612427FDA9003AA2CB /* Project object */ = {
			isa = PBXProject;
			attributes = {
				LastUpgradeCheck = 1130;
				ORGANIZATIONNAME = "Ansel Rognlie";
				TargetAttributes = {
					FD3B0B682427FDA9003AA2CB = {
						CreatedOnToolsVersion = 11.3.1;
					};
				};
			};
			buildConfigurationList = FD3B0B642427FDA9003AA2CB /* Build configuration list for PBXProject "xml-workspace" */;
			compatibilityVersion = "Xcode 9.3";
			developmentRegion = en;
			hasScannedForEncodings = 0;
			knownRegions = (
				en,
				Base,
			);
			mainGroup = FD3B0B602427FDA9003AA2CB;
			productRefGroup = FD3B0B6A2427FDA9003AA2CB /* Products */;
			projectDirPath = "";
			projectRoot = "";
			targets = (
				FD3B0B682427FDA9003AA2CB /* xml-workspace */,
			);
		};
/* End PBXProject section */

/* Begin PBXSourcesBuildPhase section */
		FD3B0B652427FDA9003AA2CB /* Sources */ = {
			isa = PBXSourcesBuildPhase;
			buildActionMask = 2147483647;
			files = (
				FD3B0BC6242A6F2E003AA2CB /* EWCStrokeData.m in Sources */,
				FD3B0BC3242A6F2E003AA2CB /* EWCStrokePart.m in Sources */,
				FD3B0BC4242A6F2E003AA2CB /* EWCMoveStrokePart.m in Sources */,
				FD3B0B6D2427FDA9003AA2CB /* main.m in Sources */,
				FD3B0BC0242A6F2E003AA2CB /* EWCCurveStrokePart.m in Sources */,
				FD3B0BC5242A6F2E003AA2CB /* EWCStrokePartTokenizer.m in Sources */,
				FD3B0BCC242A7046003AA2CB /* LineWriter.m in Sources */,
				FD3B0BC1242A6F2E003AA2CB /* EWCStrokeDataError.m in Sources */,
				FD3B0BC2242A6F2E003AA2CB /* EWCStrokeDataParserDelegate.m in Sources */,
				FD3B0BBF242A6F2E003AA2CB /* EWCStroke.m in Sources */,
				FD3B0BCB242A7046003AA2CB /* xml_lib.m in Sources */,
			);
			runOnlyForDeploymentPostprocessing = 0;
		};
/* End PBXSourcesBuildPhase section */

/* Begin XCBuildConfiguration section */
		FD3B0B6E2427FDA9003AA2CB /* Debug */ = {
			isa = XCBuildConfiguration;
			buildSettings = {
				ALWAYS_SEARCH_USER_PATHS = NO;
				CLANG_ANALYZER_NONNULL = YES;
				CLANG_ANALYZER_NUMBER_OBJECT_CONVERSION = YES_AGGRESSIVE;
				CLANG_CXX_LANGUAGE_STANDARD = "gnu++14";
				CLANG_CXX_LIBRARY = "libc++";
				CLANG_ENABLE_MODULES = YES;
				CLANG_ENABLE_OBJC_ARC = YES;
				CLANG_ENABLE_OBJC_WEAK = YES;
				CLANG_WARN_BLOCK_CAPTURE_AUTORELEASING = YES;
				CLANG_WARN_BOOL_CONVERSION = YES;
				CLANG_WARN_COMMA = YES;
				CLANG_WARN_CONSTANT_CONVERSION = YES;
				CLANG_WARN_DEPRECATED_OBJC_IMPLEMENTATIONS = YES;
				CLANG_WARN_DIRECT_OBJC_ISA_USAGE = YES_ERROR;
				CLANG_WARN_DOCUMENTATION_COMMENTS = YES;
				CLANG_WARN_EMPTY_BODY = YES;
				CLANG_WARN_ENUM_CONVERSION = YES;
				CLANG_WARN_INFINITE_RECURSION = YES;
				CLANG_WARN_INT_CONVERSION = YES;
				CLANG_WARN_NON_LITERAL_NULL_CONVERSION = YES;
				CLANG_WARN_OBJC_IMPLICIT_RETAIN_SELF = YES;
				CLANG_WARN_OBJC_LITERAL_CONVERSION = YES;
				CLANG_WARN_OBJC_ROOT_CLASS = YES_ERROR;
				CLANG_WARN_RANGE_LOOP_ANALYSIS = YES;
				CLANG_WARN_STRICT_PROTOTYPES = YES;
				CLANG_WARN_SUSPICIOUS_MOVE = YES;
				CLANG_WARN_UNGUARDED_AVAILABILITY = YES_AGGRESSIVE;
				CLANG_WARN_UNREACHABLE_CODE = YES;
				CLANG_WARN__DUPLICATE_METHOD_MATCH = YES;
				COPY_PHASE_STRIP = NO;
				DEBUG_INFORMATION_FORMAT = dwarf;
				ENABLE_STRICT_OBJC_MSGSEND = YES;
				ENABLE_TESTABILITY = YES;
				GCC_C_LANGUAGE_STANDARD = gnu11;
				GCC_DYNAMIC_NO_PIC = NO;
				GCC_NO_COMMON_BLOCKS = YES;
				GCC_OPTIMIZATION_LEVEL = 0;
				GCC_PREPROCESSOR_DEFINITIONS = (
					"DEBUG=1",
					"$(inherited)",
				);
				GCC_WARN_64_TO_32_BIT_CONVERSION = YES;
				GCC_WARN_ABOUT_RETURN_TYPE = YES_ERROR;
				GCC_WARN_UNDECLARED_SELECTOR = YES;
				GCC_WARN_UNINITIALIZED_AUTOS = YES_AGGRESSIVE;
				GCC_WARN_UNUSED_FUNCTION = YES;
				GCC_WARN_UNUSED_VARIABLE = YES;
				MACOSX_DEPLOYMENT_TARGET = 10.15;
				MTL_ENABLE_DEBUG_INFO = INCLUDE_SOURCE;
				MTL_FAST_MATH = YES;
				ONLY_ACTIVE_ARCH = YES;
				SDKROOT = macosx;
			};
			name = Debug;
		};
		FD3B0B6F2427FDA9003AA2CB /* Release */ = {
			isa = XCBuildConfiguration;
			buildSettings = {
				ALWAYS_SEARCH_USER_PATHS = NO;
				CLANG_ANALYZER_NONNULL = YES;
				CLANG_ANALYZER_NUMBER_OBJECT_CONVERSION = YES_AGGRESSIVE;
				CLANG_CXX_LANGUAGE_STANDARD = "gnu++14";
				CLANG_CXX_LIBRARY = "libc++";
				CLANG_ENABLE_MODULES = YES;
				CLANG_ENABLE_OBJC_ARC = YES;
				CLANG_ENABLE_OBJC_WEAK = YES;
				CLANG_WARN_BLOCK_CAPTURE_AUTORELEASING = YES;
				CLANG_WARN_BOOL_CONVERSION = YES;
				CLANG_WARN_COMMA = YES;
				CLANG_WARN_CONSTANT_CONVERSION = YES;
				CLANG_WARN_DEPRECATED_OBJC_IMPLEMENTATIONS = YES;
				CLANG_WARN_DIRECT_OBJC_ISA_USAGE = YES_ERROR;
				CLANG_WARN_DOCUMENTATION_COMMENTS = YES;
				CLANG_WARN_EMPTY_BODY = YES;
				CLANG_WARN_ENUM_CONVERSION = YES;
				CLANG_WARN_INFINITE_RECURSION = YES;
				CLANG_WARN_INT_CONVERSION = YES;
				CLANG_WARN_NON_LITERAL_NULL_CONVERSION = YES;
				CLANG_WARN_OBJC_IMPLICIT_RETAIN_SELF = YES;
				CLANG_WARN_OBJC_LITERAL_CONVERSION = YES;
				CLANG_WARN_OBJC_ROOT_CLASS = YES_ERROR;
				CLANG_WARN_RANGE_LOOP_ANALYSIS = YES;
				CLANG_WARN_STRICT_PROTOTYPES = YES;
				CLANG_WARN_SUSPICIOUS_MOVE = YES;
				CLANG_WARN_UNGUARDED_AVAILABILITY = YES_AGGRESSIVE;
				CLANG_WARN_UNREACHABLE_CODE = YES;
				CLANG_WARN__DUPLICATE_METHOD_MATCH = YES;
				COPY_PHASE_STRIP = NO;
				DEBUG_INFORMATION_FORMAT = "dwarf-with-dsym";
				ENABLE_NS_ASSERTIONS = NO;
				ENABLE_STRICT_OBJC_MSGSEND = YES;
				GCC_C_LANGUAGE_STANDARD = gnu11;
				GCC_NO_COMMON_BLOCKS = YES;
				GCC_WARN_64_TO_32_BIT_CONVERSION = YES;
				GCC_WARN_ABOUT_RETURN_TYPE = YES_ERROR;
				GCC_WARN_UNDECLARED_SELECTOR = YES;
				GCC_WARN_UNINITIALIZED_AUTOS = YES_AGGRESSIVE;
				GCC_WARN_UNUSED_FUNCTION = YES;
				GCC_WARN_UNUSED_VARIABLE = YES;
				MACOSX_DEPLOYMENT_TARGET = 10.15;
				MTL_ENABLE_DEBUG_INFO = NO;
				MTL_FAST_MATH = YES;
				SDKROOT = macosx;
			};
			name = Release;
		};
		FD3B0B712427FDA9003AA2CB /* Debug */ = {
			isa = XCBuildConfiguration;
			buildSettings = {
				CODE_SIGN_STYLE = Automatic;
				DEVELOPMENT_TEAM = RU9C9DUDK9;
				ENABLE_HARDENED_RUNTIME = YES;
				PRODUCT_NAME = "$(TARGET_NAME)";
			};
			name = Debug;
		};
		FD3B0B722427FDA9003AA2CB /* Release */ = {
			isa = XCBuildConfiguration;
			buildSettings = {
				CODE_SIGN_STYLE = Automatic;
				DEVELOPMENT_TEAM = RU9C9DUDK9;
				ENABLE_HARDENED_RUNTIME = YES;
				PRODUCT_NAME = "$(TARGET_NAME)";
			};
			name = Release;
		};
/* End XCBuildConfiguration section */

/* Begin XCConfigurationList section */
		FD3B0B642427FDA9003AA2CB /* Build configuration list for PBXProject "xml-workspace" */ = {
			isa = XCConfigurationList;
			buildConfigurations = (
				FD3B0B6E2427FDA9003AA2CB /* Debug */,
				FD3B0B6F2427FDA9003AA2CB /* Release */,
			);
			defaultConfigurationIsVisible = 0;
			defaultConfigurationName = Release;
		};
		FD3B0B702427FDA9003AA2CB /* Build configuration list for PBXNativeTarget "xml-workspace" */ = {
			isa = XCConfigurationList;
			buildConfigurations = (
				FD3B0B712427FDA9003AA2CB /* Debug */,
				FD3B0B722427FDA9003AA2CB /* Release */,
			);
			defaultConfigurationIsVisible = 0;
			defaultConfigurationName = Release;
		};
/* End XCConfigurationList section */
	};
	rootObject = FD3B0B612427FDA9003AA2CB /* Project object */;
}
